# This file is automatically @generated by Cargo.
# It is not intended for manual editing.
version = 4

[[package]]
name = "aarch64-cpu"
version = "10.0.0"
source = "registry+https://github.com/rust-lang/crates.io-index"
checksum = "6a21cd0131c25c438e19cd6a774adf7e3f64f7f4d723022882facc2dee0f8bc9"
dependencies = [
 "tock-registers 0.9.0",
]

[[package]]
name = "allocator"
version = "0.1.1"
source = "git+https://github.com/arceos-org/allocator.git?tag=v0.1.1#1d5b7a1b4fd8db4c9c9cea4e6012d15d42e2bf40"
dependencies = [
 "bitmap-allocator",
 "cfg-if",
 "rlsf",
]

[[package]]
name = "anstream"
version = "0.6.18"
source = "registry+https://github.com/rust-lang/crates.io-index"
checksum = "8acc5369981196006228e28809f761875c0327210a891e941f4c683b3a99529b"
dependencies = [
 "anstyle",
 "anstyle-parse",
 "anstyle-query",
 "anstyle-wincon",
 "colorchoice",
 "is_terminal_polyfill",
 "utf8parse",
]

[[package]]
name = "anstyle"
version = "1.0.10"
source = "registry+https://github.com/rust-lang/crates.io-index"
checksum = "55cc3b69f167a1ef2e161439aa98aed94e6028e5f9a59be9a6ffb47aef1651f9"

[[package]]
name = "anstyle-parse"
version = "0.2.6"
source = "registry+https://github.com/rust-lang/crates.io-index"
checksum = "3b2d16507662817a6a20a9ea92df6652ee4f94f914589377d69f3b21bc5798a9"
dependencies = [
 "utf8parse",
]

[[package]]
name = "anstyle-query"
version = "1.1.2"
source = "registry+https://github.com/rust-lang/crates.io-index"
checksum = "79947af37f4177cfead1110013d678905c37501914fba0efea834c3fe9a8d60c"
dependencies = [
 "windows-sys",
]

[[package]]
name = "anstyle-wincon"
version = "3.0.7"
source = "registry+https://github.com/rust-lang/crates.io-index"
checksum = "ca3534e77181a9cc07539ad51f2141fe32f6c3ffd4df76db8ad92346b003ae4e"
dependencies = [
 "anstyle",
 "once_cell",
 "windows-sys",
]

[[package]]
name = "arceboot"
version = "0.0.1"
dependencies = [
 "axalloc",
 "axconfig",
 "axdisplay",
 "axdriver",
 "axfs",
 "axhal",
 "axio",
 "axlog",
 "axmm",
 "axnet",
 "axsync",
 "cfg-if",
 "chrono",
 "crate_interface",
 "ctor_bare",
 "lazyinit",
 "object",
 "uefi-raw",
]

[[package]]
name = "arm_gicv2"
version = "0.1.0"
source = "registry+https://github.com/rust-lang/crates.io-index"
checksum = "47d25e73c949c69f75d1b9dba39c5475523403b31eb8c2fdc99da4dc33bc1aca"
dependencies = [
 "tock-registers 0.8.1",
]

[[package]]
name = "arm_pl011"
version = "0.1.0"
source = "registry+https://github.com/rust-lang/crates.io-index"
checksum = "efcf6afca4502993a737ba1e00952d1321078689da92bf7aab27d4e5756c0bec"
dependencies = [
 "tock-registers 0.8.1",
]

[[package]]
name = "atomic-polyfill"
version = "1.0.3"
source = "registry+https://github.com/rust-lang/crates.io-index"
checksum = "8cf2bce30dfe09ef0bfaef228b9d414faaf7e563035494d7fe092dba54b300f4"
dependencies = [
 "critical-section",
]

[[package]]
name = "autocfg"
version = "1.4.0"
source = "registry+https://github.com/rust-lang/crates.io-index"
checksum = "ace50bade8e6234aa140d9a2f552bbee1db4d353f69b8217bc503490fc1a9f26"

[[package]]
name = "axalloc"
version = "0.1.0"
source = "git+https://github.com/arceos-org/arceos.git#29bdc926a75a8e266e2336c92ba2ec8d01c8aca9"
dependencies = [
 "allocator",
 "axerrno",
 "cfg-if",
 "kspin",
 "log",
 "memory_addr",
]

[[package]]
name = "axconfig"
version = "0.1.0"
source = "git+https://github.com/arceos-org/arceos.git#29bdc926a75a8e266e2336c92ba2ec8d01c8aca9"
dependencies = [
 "axconfig-gen-macros",
]

[[package]]
name = "axconfig-gen"
version = "0.1.0"
source = "registry+https://github.com/rust-lang/crates.io-index"
checksum = "9ffa518605969ff8f4ebce2cdc3b6090345152c14987ec540601335effbf36d5"
dependencies = [
 "clap",
 "toml_edit",
]

[[package]]
name = "axconfig-gen-macros"
version = "0.1.0"
source = "registry+https://github.com/rust-lang/crates.io-index"
checksum = "92110c7e7a5633d7fb8a402393c91c326ad6d19710bb9cfa5ab4095e63c25948"
dependencies = [
 "axconfig-gen",
 "proc-macro2",
 "quote",
 "syn 2.0.101",
]

[[package]]
name = "axdisplay"
version = "0.1.0"
source = "git+https://github.com/arceos-org/arceos.git#29bdc926a75a8e266e2336c92ba2ec8d01c8aca9"
dependencies = [
 "axdriver",
 "axdriver_display",
 "axsync",
 "lazyinit",
 "log",
]

[[package]]
name = "axdriver"
version = "0.1.0"
source = "git+https://github.com/arceos-org/arceos.git#29bdc926a75a8e266e2336c92ba2ec8d01c8aca9"
dependencies = [
 "axalloc",
 "axconfig",
 "axdriver_base",
 "axdriver_block",
 "axdriver_display",
 "axdriver_net",
 "axdriver_pci",
 "axdriver_virtio",
 "axhal",
 "cfg-if",
 "crate_interface",
 "log",
]

[[package]]
name = "axdriver_base"
version = "0.1.2"
source = "git+https://github.com/arceos-org/axdriver_crates.git?tag=v0.1.2#84eb2170f865e6fa29b78995a86f4fcdcede63df"

[[package]]
name = "axdriver_block"
version = "0.1.2"
source = "git+https://github.com/arceos-org/axdriver_crates.git?tag=v0.1.2#84eb2170f865e6fa29b78995a86f4fcdcede63df"
dependencies = [
 "axdriver_base",
 "log",
]

[[package]]
name = "axdriver_display"
version = "0.1.2"
source = "git+https://github.com/arceos-org/axdriver_crates.git?tag=v0.1.2#84eb2170f865e6fa29b78995a86f4fcdcede63df"
dependencies = [
 "axdriver_base",
]

[[package]]
name = "axdriver_net"
version = "0.1.2"
source = "git+https://github.com/arceos-org/axdriver_crates.git?tag=v0.1.2#84eb2170f865e6fa29b78995a86f4fcdcede63df"
dependencies = [
 "axdriver_base",
 "log",
 "spin",
]

[[package]]
name = "axdriver_pci"
version = "0.1.2"
source = "git+https://github.com/arceos-org/axdriver_crates.git?tag=v0.1.2#84eb2170f865e6fa29b78995a86f4fcdcede63df"
dependencies = [
 "virtio-drivers",
]

[[package]]
name = "axdriver_virtio"
version = "0.1.2"
source = "git+https://github.com/arceos-org/axdriver_crates.git?tag=v0.1.2#84eb2170f865e6fa29b78995a86f4fcdcede63df"
dependencies = [
 "axdriver_base",
 "axdriver_block",
 "axdriver_display",
 "virtio-drivers",
]

[[package]]
name = "axerrno"
version = "0.1.0"
source = "registry+https://github.com/rust-lang/crates.io-index"
checksum = "66ccd41dd4ef364e2385901a5c2a3adea974a41eccb2529c1f24e4c8bc93d834"
dependencies = [
 "log",
]

[[package]]
name = "axfs"
version = "0.1.0"
source = "git+https://github.com/arceos-org/arceos.git#29bdc926a75a8e266e2336c92ba2ec8d01c8aca9"
dependencies = [
 "axdriver",
 "axdriver_block",
 "axerrno",
 "axfs_devfs",
 "axfs_ramfs",
 "axfs_vfs",
 "axio",
 "axns",
 "axsync",
 "cap_access",
 "cfg-if",
 "fatfs",
 "lazyinit",
 "log",
]

[[package]]
name = "axfs_devfs"
version = "0.1.1"
source = "registry+https://github.com/rust-lang/crates.io-index"
checksum = "d62eff0490e10cd2c2a74be2979820f0293fa5ebe00ee8bfd87b88ac7dd7d235"
dependencies = [
 "axfs_vfs",
 "log",
 "spin",
]

[[package]]
name = "axfs_ramfs"
version = "0.1.1"
source = "registry+https://github.com/rust-lang/crates.io-index"
checksum = "db46c6dae25a123579d5fdcdcc502d0dc2a8af86646106004c8a9181433271b1"
dependencies = [
 "axfs_vfs",
 "log",
 "spin",
]

[[package]]
name = "axfs_vfs"
version = "0.1.1"
source = "registry+https://github.com/rust-lang/crates.io-index"
checksum = "2314ebe07a2fef7b1c1a7d15ab817941cd306ace651bb50024b5a8b3e8485359"
dependencies = [
 "axerrno",
 "bitflags 2.9.0",
 "log",
]

[[package]]
name = "axhal"
version = "0.1.0"
source = "git+https://github.com/arceos-org/arceos.git#29bdc926a75a8e266e2336c92ba2ec8d01c8aca9"
dependencies = [
 "aarch64-cpu",
 "arm_gicv2",
 "arm_pl011",
 "axalloc",
 "axconfig",
 "axlog",
 "bitflags 2.9.0",
 "cfg-if",
 "dw_apb_uart",
 "handler_table",
 "int_ratio",
 "kernel_guard",
 "kspin",
 "lazyinit",
 "linkme",
 "log",
 "loongArch64",
 "memory_addr",
 "ns16550a",
 "page_table_entry",
 "page_table_multiarch",
 "percpu",
 "raw-cpuid 11.5.0",
 "riscv",
 "sbi-rt",
 "static_assertions",
 "tock-registers 0.9.0",
 "x2apic",
 "x86",
 "x86_64 0.15.2",
]

[[package]]
name = "axio"
version = "0.1.1"
source = "registry+https://github.com/rust-lang/crates.io-index"
checksum = "30aa258a37c25c5e9d3ff45ec80e728ff7c499586e3e40719daf7908f10fd5bd"
dependencies = [
 "axerrno",
]

[[package]]
name = "axlog"
version = "0.1.0"
source = "git+https://github.com/arceos-org/arceos.git#29bdc926a75a8e266e2336c92ba2ec8d01c8aca9"
dependencies = [
 "cfg-if",
 "crate_interface",
 "kspin",
 "log",
]

[[package]]
name = "axmm"
version = "0.1.0"
source = "git+https://github.com/arceos-org/arceos.git#29bdc926a75a8e266e2336c92ba2ec8d01c8aca9"
dependencies = [
 "axalloc",
 "axconfig",
 "axerrno",
 "axhal",
 "kspin",
 "lazyinit",
 "log",
 "memory_addr",
 "memory_set",
]

[[package]]
name = "axnet"
version = "0.1.0"
source = "git+https://github.com/arceos-org/arceos.git#29bdc926a75a8e266e2336c92ba2ec8d01c8aca9"
dependencies = [
 "axdriver",
 "axdriver_net",
 "axerrno",
 "axhal",
 "axio",
 "axsync",
 "axtask",
 "cfg-if",
 "lazyinit",
 "log",
 "smoltcp",
 "spin",
]

[[package]]
name = "axns"
version = "0.1.0"
source = "git+https://github.com/arceos-org/arceos.git#29bdc926a75a8e266e2336c92ba2ec8d01c8aca9"
dependencies = [
 "crate_interface",
 "lazyinit",
]

[[package]]
name = "axsync"
version = "0.1.0"
source = "git+https://github.com/arceos-org/arceos.git#29bdc926a75a8e266e2336c92ba2ec8d01c8aca9"
dependencies = [
 "axtask",
 "kspin",
]

[[package]]
name = "axtask"
version = "0.1.0"
source = "git+https://github.com/arceos-org/arceos.git#29bdc926a75a8e266e2336c92ba2ec8d01c8aca9"
dependencies = [
 "axhal",
 "cfg-if",
 "log",
]

[[package]]
name = "base64"
version = "0.13.1"
source = "registry+https://github.com/rust-lang/crates.io-index"
checksum = "9e1b586273c5702936fe7b7d6896644d8be71e6314cfe09d3167c95f712589e8"

[[package]]
name = "bit"
version = "0.1.1"
source = "registry+https://github.com/rust-lang/crates.io-index"
checksum = "2b645c5c09a7d4035949cfce1a915785aaad6f17800c35fda8a8c311c491f284"

[[package]]
name = "bit_field"
version = "0.10.2"
source = "registry+https://github.com/rust-lang/crates.io-index"
checksum = "dc827186963e592360843fb5ba4b973e145841266c1357f7180c43526f2e5b61"

[[package]]
name = "bitflags"
version = "1.3.2"
source = "registry+https://github.com/rust-lang/crates.io-index"
checksum = "bef38d45163c2f1dde094a7dfd33ccf595c92905c8f8f4fdc18d06fb1037718a"

[[package]]
name = "bitflags"
version = "2.9.0"
source = "registry+https://github.com/rust-lang/crates.io-index"
checksum = "5c8214115b7bf84099f1309324e63141d4c5d7cc26862f97a0a857dbefe165bd"

[[package]]
name = "bitmap-allocator"
version = "0.2.0"
source = "registry+https://github.com/rust-lang/crates.io-index"
checksum = "5553d824a3564e1c242975cfc962d15e6299bfa4a90c44c14208673c16df51f3"
dependencies = [
 "bit_field",
]

[[package]]
name = "byteorder"
version = "1.5.0"
source = "registry+https://github.com/rust-lang/crates.io-index"
checksum = "1fd0f2584146f6f2ef48085050886acf353beff7305ebd1ae69500e27c67f64b"

[[package]]
name = "cap_access"
version = "0.1.0"
source = "registry+https://github.com/rust-lang/crates.io-index"
checksum = "c9b24894fa5f73bbf9c72196e7f495a1f81d6218a548280a09ada4a937157692"
dependencies = [
 "bitflags 2.9.0",
]

[[package]]
name = "cfg-if"
version = "1.0.1"
source = "registry+https://github.com/rust-lang/crates.io-index"
checksum = "9555578bc9e57714c812a1f84e4fc5b4d21fcb063490c624de019f7464c91268"

[[package]]
name = "chrono"
version = "0.4.41"
source = "registry+https://github.com/rust-lang/crates.io-index"
checksum = "c469d952047f47f91b68d1cba3f10d63c11d73e4636f24f08daf0278abf01c4d"
dependencies = [
 "num-traits",
]

[[package]]
name = "clap"
version = "4.5.37"
source = "registry+https://github.com/rust-lang/crates.io-index"
checksum = "eccb054f56cbd38340b380d4a8e69ef1f02f1af43db2f0cc817a4774d80ae071"
dependencies = [
 "clap_builder",
 "clap_derive",
]

[[package]]
name = "clap_builder"
version = "4.5.37"
source = "registry+https://github.com/rust-lang/crates.io-index"
checksum = "efd9466fac8543255d3b1fcad4762c5e116ffe808c8a3043d4263cd4fd4862a2"
dependencies = [
 "anstream",
 "anstyle",
 "clap_lex",
 "strsim",
]

[[package]]
name = "clap_derive"
version = "4.5.32"
source = "registry+https://github.com/rust-lang/crates.io-index"
checksum = "09176aae279615badda0765c0c0b3f6ed53f4709118af73cf4655d85d1530cd7"
dependencies = [
 "heck",
 "proc-macro2",
 "quote",
 "syn 2.0.101",
]

[[package]]
name = "clap_lex"
version = "0.7.4"
source = "registry+https://github.com/rust-lang/crates.io-index"
checksum = "f46ad14479a25103f283c0f10005961cf086d8dc42205bb44c46ac563475dca6"

[[package]]
name = "colorchoice"
version = "1.0.3"
source = "registry+https://github.com/rust-lang/crates.io-index"
checksum = "5b63caa9aa9397e2d9480a9b13673856c78d8ac123288526c37d7839f2a86990"

[[package]]
name = "const-default"
version = "1.0.0"
source = "registry+https://github.com/rust-lang/crates.io-index"
checksum = "0b396d1f76d455557e1218ec8066ae14bba60b4b36ecd55577ba979f5db7ecaa"

[[package]]
name = "crate_interface"
version = "0.1.4"
source = "registry+https://github.com/rust-lang/crates.io-index"
checksum = "70272a03a2cef15589bac05d3d15c023752f5f8f2da8be977d983a9d9e6250fb"
dependencies = [
 "proc-macro2",
 "quote",
 "syn 2.0.101",
]

[[package]]
name = "critical-section"
version = "1.2.0"
source = "registry+https://github.com/rust-lang/crates.io-index"
checksum = "790eea4361631c5e7d22598ecd5723ff611904e3344ce8720784c93e3d83d40b"

[[package]]
name = "ctor_bare"
version = "0.2.1"
source = "registry+https://github.com/rust-lang/crates.io-index"
checksum = "e4e5ae3c454dc1efb0e5821dc17344539849391b2de18c89596ea563f1909f93"
dependencies = [
 "ctor_bare_macros",
]

[[package]]
name = "ctor_bare_macros"
version = "0.2.1"
source = "registry+https://github.com/rust-lang/crates.io-index"
checksum = "9a49d5cd78b1c748184d41407b14a58af8403c13328ff2b9f49b0a418c24e3ff"
dependencies = [
 "proc-macro2",
 "quote",
 "syn 2.0.101",
]

[[package]]
name = "defmt"
version = "0.3.100"
source = "registry+https://github.com/rust-lang/crates.io-index"
checksum = "f0963443817029b2024136fc4dd07a5107eb8f977eaf18fcd1fdeb11306b64ad"
dependencies = [
 "defmt 1.0.1",
]

[[package]]
name = "defmt"
version = "1.0.1"
source = "registry+https://github.com/rust-lang/crates.io-index"
checksum = "548d977b6da32fa1d1fda2876453da1e7df63ad0304c8b3dae4dbe7b96f39b78"
dependencies = [
 "bitflags 1.3.2",
 "defmt-macros",
]

[[package]]
name = "defmt-macros"
version = "1.0.1"
source = "registry+https://github.com/rust-lang/crates.io-index"
checksum = "3d4fc12a85bcf441cfe44344c4b72d58493178ce635338a3f3b78943aceb258e"
dependencies = [
 "defmt-parser",
 "proc-macro-error2",
 "proc-macro2",
 "quote",
 "syn 2.0.101",
]

[[package]]
name = "defmt-parser"
version = "1.0.0"
source = "registry+https://github.com/rust-lang/crates.io-index"
checksum = "10d60334b3b2e7c9d91ef8150abfb6fa4c1c39ebbcf4a81c2e346aad939fee3e"
dependencies = [
 "thiserror",
]

[[package]]
name = "dw_apb_uart"
version = "0.1.0"
source = "registry+https://github.com/rust-lang/crates.io-index"
checksum = "f93d496c8faa9dc676ebfa225432e1e3b57645c9268ead889286546f6d39356d"
dependencies = [
 "tock-registers 0.8.1",
]

[[package]]
name = "embedded-hal"
version = "1.0.0"
source = "registry+https://github.com/rust-lang/crates.io-index"
checksum = "361a90feb7004eca4019fb28352a9465666b24f840f5c3cddf0ff13920590b89"

[[package]]
name = "equivalent"
version = "1.0.2"
source = "registry+https://github.com/rust-lang/crates.io-index"
checksum = "877a4ace8713b0bcf2a4e7eec82529c029f1d0619886d18145fea96c3ffe5c0f"

[[package]]
name = "fatfs"
version = "0.4.0"
source = "git+https://github.com/rafalh/rust-fatfs?rev=85f06e0#85f06e08edbd3368e1b0562f2fc1b6d178bf7b8a"
dependencies = [
 "bitflags 2.9.0",
 "log",
]

[[package]]
name = "handler_table"
version = "0.1.2"
source = "registry+https://github.com/rust-lang/crates.io-index"
checksum = "702cb690200d6303c1e1992bc648f3f3bf9c1d6a27fcf50551c513d61f339c99"

[[package]]
name = "hash32"
version = "0.2.1"
source = "registry+https://github.com/rust-lang/crates.io-index"
checksum = "b0c35f58762feb77d74ebe43bdbc3210f09be9fe6742234d573bacc26ed92b67"
dependencies = [
 "byteorder",
]

[[package]]
name = "hashbrown"
version = "0.15.3"
source = "registry+https://github.com/rust-lang/crates.io-index"
checksum = "84b26c544d002229e640969970a2e74021aadf6e2f96372b9c58eff97de08eb3"

[[package]]
name = "heapless"
version = "0.7.17"
source = "registry+https://github.com/rust-lang/crates.io-index"
checksum = "cdc6457c0eb62c71aac4bc17216026d8410337c4126773b9c5daba343f17964f"
dependencies = [
 "atomic-polyfill",
 "hash32",
 "rustc_version",
 "spin",
 "stable_deref_trait",
]

[[package]]
name = "heck"
version = "0.5.0"
source = "registry+https://github.com/rust-lang/crates.io-index"
checksum = "2304e00983f87ffb38b55b444b5e3b60a884b5d30c0fca7d82fe33449bbe55ea"

[[package]]
name = "indexmap"
version = "2.9.0"
source = "registry+https://github.com/rust-lang/crates.io-index"
checksum = "cea70ddb795996207ad57735b50c5982d8844f38ba9ee5f1aedcfb708a2aa11e"
dependencies = [
 "equivalent",
 "hashbrown",
]

[[package]]
name = "int_ratio"
version = "0.1.1"
source = "registry+https://github.com/rust-lang/crates.io-index"
checksum = "bd361c344145620f0c02e56200ca3e3a45203121447376519a9070e546b2916f"

[[package]]
name = "is_terminal_polyfill"
version = "1.70.1"
source = "registry+https://github.com/rust-lang/crates.io-index"
checksum = "7943c866cc5cd64cbc25b2e01621d07fa8eb2a1a23160ee81ce38704e97b8ecf"

[[package]]
name = "kernel_guard"
version = "0.1.2"
source = "registry+https://github.com/rust-lang/crates.io-index"
checksum = "307e6be468f3d6b6d895e191f63c11602e4e76575ecca68325d8c8dbebe2870e"
dependencies = [
 "cfg-if",
 "crate_interface",
]

[[package]]
name = "kspin"
version = "0.1.0"
source = "registry+https://github.com/rust-lang/crates.io-index"
checksum = "51954c939251c5899b6e953aa0ed8903c5c0d1140fc7ce3a8fd60c931d694f6e"
dependencies = [
 "cfg-if",
 "kernel_guard",
]

[[package]]
name = "lazyinit"
version = "0.2.2"
source = "registry+https://github.com/rust-lang/crates.io-index"
checksum = "17f03abfebdaaf0fad16790237a0348baf84886d3ade460db13bae59e614a180"

[[package]]
name = "libc"
version = "0.2.172"
source = "registry+https://github.com/rust-lang/crates.io-index"
checksum = "d750af042f7ef4f724306de029d18836c26c1765a54a6a3f094cbd23a7267ffa"

[[package]]
name = "linkme"
version = "0.3.33"
source = "registry+https://github.com/rust-lang/crates.io-index"
checksum = "a1b1703c00b2a6a70738920544aa51652532cacddfec2e162d2e29eae01e665c"
dependencies = [
 "linkme-impl",
]

[[package]]
name = "linkme-impl"
version = "0.3.33"
source = "registry+https://github.com/rust-lang/crates.io-index"
checksum = "04d55ca5d5a14363da83bf3c33874b8feaa34653e760d5216d7ef9829c88001a"
dependencies = [
 "proc-macro2",
 "quote",
 "syn 2.0.101",
]

[[package]]
name = "lock_api"
version = "0.4.12"
source = "registry+https://github.com/rust-lang/crates.io-index"
checksum = "07af8b9cdd281b7915f413fa73f29ebd5d55d0d3f0155584dade1ff18cea1b17"
dependencies = [
 "autocfg",
 "scopeguard",
]

[[package]]
name = "log"
version = "0.4.21"
source = "registry+https://github.com/rust-lang/crates.io-index"
checksum = "90ed8c1e510134f979dbc4f070f87d4313098b704861a105fe34231c70a3901c"

[[package]]
name = "loongArch64"
version = "0.2.5"
source = "registry+https://github.com/rust-lang/crates.io-index"
checksum = "7c9f0d275c70310e2a9d2fc23250c5ac826a73fa828a5f256401f85c5c554283"
dependencies = [
 "bit_field",
 "bitflags 2.9.0",
]

[[package]]
name = "managed"
version = "0.8.0"
source = "registry+https://github.com/rust-lang/crates.io-index"
checksum = "0ca88d725a0a943b096803bd34e73a4437208b6077654cc4ecb2947a5f91618d"

[[package]]
name = "memchr"
version = "2.7.4"
source = "registry+https://github.com/rust-lang/crates.io-index"
checksum = "78ca9ab1a0babb1e7d5695e3530886289c18cf2f87ec19a575a0abdce112e3a3"

[[package]]
name = "memory_addr"
version = "0.3.2"
source = "registry+https://github.com/rust-lang/crates.io-index"
checksum = "5438b8df0f13e16e1f46140de247695a95952a5a4479e47197a8711bf1063373"

[[package]]
name = "memory_set"
version = "0.3.2"
source = "registry+https://github.com/rust-lang/crates.io-index"
checksum = "a4552d02c866c57e8b06b919ea8c2f8f398cad245b8f6aac726657bc972d663d"
dependencies = [
 "memory_addr",
]

[[package]]
name = "ns16550a"
version = "0.4.0"
source = "registry+https://github.com/rust-lang/crates.io-index"
checksum = "667fbdfccff4775918606516ff6ca51b898ac0842c4bc41c960a55a9832545a6"

[[package]]
name = "num-traits"
version = "0.2.19"
source = "registry+https://github.com/rust-lang/crates.io-index"
checksum = "071dfc062690e90b734c0b2273ce72ad0ffa95f0c74596bc250dcfd960262841"
dependencies = [
 "autocfg",
]

[[package]]
name = "object"
version = "0.37.1"
source = "registry+https://github.com/rust-lang/crates.io-index"
checksum = "03fd943161069e1768b4b3d050890ba48730e590f57e56d4aa04e7e090e61b4a"
dependencies = [
 "memchr",
]

[[package]]
name = "once_cell"
version = "1.21.3"
source = "registry+https://github.com/rust-lang/crates.io-index"
checksum = "42f5e15c9953c5e4ccceeb2e7382a716482c34515315f7b03532b8b4e8393d2d"

[[package]]
name = "page_table_entry"
version = "0.5.3"
source = "registry+https://github.com/rust-lang/crates.io-index"
checksum = "c097d641745a066856a26eed6e486d4430bb3e32c94f1203ea09c63239b360a0"
dependencies = [
 "aarch64-cpu",
 "bitflags 2.9.0",
 "memory_addr",
 "x86_64 0.15.2",
]

[[package]]
name = "page_table_multiarch"
version = "0.5.3"
source = "registry+https://github.com/rust-lang/crates.io-index"
checksum = "4647889585d29762d747be0916d6d28db72967a697d142be86f187a6b496832a"
dependencies = [
 "log",
 "memory_addr",
 "page_table_entry",
 "riscv",
 "x86",
]

[[package]]
name = "paste"
version = "1.0.15"
source = "registry+https://github.com/rust-lang/crates.io-index"
checksum = "57c0d7b74b563b49d38dae00a0c37d4d6de9b432382b2892f0574ddcae73fd0a"

[[package]]
name = "percpu"
version = "0.2.0"
source = "registry+https://github.com/rust-lang/crates.io-index"
checksum = "01e56c0c558952222967b592899f98765b48590e7bd7403bfd7075f73afc6ed6"
dependencies = [
 "cfg-if",
 "percpu_macros",
 "spin",
 "x86",
]

[[package]]
name = "percpu_macros"
version = "0.2.0"
source = "registry+https://github.com/rust-lang/crates.io-index"
checksum = "8a9f4cc54a2e471ff72f1499461ba381ad4eae9cbd60d29c258545b995e406e0"
dependencies = [
 "proc-macro2",
 "quote",
 "syn 2.0.101",
]

[[package]]
name = "proc-macro-error-attr2"
version = "2.0.0"
source = "registry+https://github.com/rust-lang/crates.io-index"
checksum = "96de42df36bb9bba5542fe9f1a054b8cc87e172759a1868aa05c1f3acc89dfc5"
dependencies = [
 "proc-macro2",
 "quote",
]

[[package]]
name = "proc-macro-error2"
version = "2.0.1"
source = "registry+https://github.com/rust-lang/crates.io-index"
checksum = "11ec05c52be0a07b08061f7dd003e7d7092e0472bc731b4af7bb1ef876109802"
dependencies = [
 "proc-macro-error-attr2",
 "proc-macro2",
 "quote",
 "syn 2.0.101",
]

[[package]]
name = "proc-macro2"
version = "1.0.95"
source = "registry+https://github.com/rust-lang/crates.io-index"
checksum = "02b3e5e68a3a1a02aad3ec490a98007cbc13c37cbe84a3cd7b8e406d76e7f778"
dependencies = [
 "unicode-ident",
]

[[package]]
name = "quote"
version = "1.0.40"
source = "registry+https://github.com/rust-lang/crates.io-index"
checksum = "1885c039570dc00dcb4ff087a89e185fd56bae234ddc7f056a945bf36467248d"
dependencies = [
 "proc-macro2",
]

[[package]]
name = "raw-cpuid"
version = "10.7.0"
source = "registry+https://github.com/rust-lang/crates.io-index"
checksum = "6c297679cb867470fa8c9f67dbba74a78d78e3e98d7cf2b08d6d71540f797332"
dependencies = [
 "bitflags 1.3.2",
]

[[package]]
name = "raw-cpuid"
version = "11.5.0"
source = "registry+https://github.com/rust-lang/crates.io-index"
checksum = "c6df7ab838ed27997ba19a4664507e6f82b41fe6e20be42929332156e5e85146"
dependencies = [
 "bitflags 2.9.0",
]

[[package]]
name = "riscv"
version = "0.12.1"
source = "registry+https://github.com/rust-lang/crates.io-index"
checksum = "5ea8ff73d3720bdd0a97925f0bf79ad2744b6da8ff36be3840c48ac81191d7a7"
dependencies = [
 "critical-section",
 "embedded-hal",
 "paste",
 "riscv-macros",
 "riscv-pac",
]

[[package]]
name = "riscv-macros"
version = "0.1.0"
source = "registry+https://github.com/rust-lang/crates.io-index"
checksum = "f265be5d634272320a7de94cea15c22a3bfdd4eb42eb43edc528415f066a1f25"
dependencies = [
 "proc-macro2",
 "quote",
 "syn 2.0.101",
]

[[package]]
name = "riscv-pac"
version = "0.2.0"
source = "registry+https://github.com/rust-lang/crates.io-index"
checksum = "8188909339ccc0c68cfb5a04648313f09621e8b87dc03095454f1a11f6c5d436"

[[package]]
name = "rlsf"
version = "0.2.1"
source = "registry+https://github.com/rust-lang/crates.io-index"
checksum = "222fb240c3286247ecdee6fa5341e7cdad0ffdf8e7e401d9937f2d58482a20bf"
dependencies = [
 "cfg-if",
 "const-default",
 "libc",
 "svgbobdoc",
]

[[package]]
name = "rustc_version"
version = "0.4.1"
source = "registry+https://github.com/rust-lang/crates.io-index"
checksum = "cfcb3a22ef46e85b45de6ee7e79d063319ebb6594faafcf1c225ea92ab6e9b92"
dependencies = [
 "semver",
]

[[package]]
name = "rustversion"
version = "1.0.20"
source = "registry+https://github.com/rust-lang/crates.io-index"
checksum = "eded382c5f5f786b989652c49544c4877d9f015cc22e145a5ea8ea66c2921cd2"

[[package]]
name = "sbi-rt"
version = "0.0.3"
source = "registry+https://github.com/rust-lang/crates.io-index"
checksum = "7fbaa69be1eedc61c426e6d489b2260482e928b465360576900d52d496a58bd0"
dependencies = [
 "sbi-spec",
]

[[package]]
name = "sbi-spec"
version = "0.0.7"
source = "registry+https://github.com/rust-lang/crates.io-index"
checksum = "e6e36312fb5ddc10d08ecdc65187402baba4ac34585cb9d1b78522ae2358d890"

[[package]]
name = "scopeguard"
version = "1.2.0"
source = "registry+https://github.com/rust-lang/crates.io-index"
checksum = "94143f37725109f92c262ed2cf5e59bce7498c01bcc1502d7b9afe439a4e9f49"

[[package]]
name = "semver"
version = "1.0.26"
source = "registry+https://github.com/rust-lang/crates.io-index"
checksum = "56e6fa9c48d24d85fb3de5ad847117517440f6beceb7798af16b4a87d616b8d0"

[[package]]
name = "smoltcp"
version = "0.10.0"
source = "git+https://github.com/rcore-os/smoltcp.git?rev=2ade274#2ade2747abc4d779d0836154b0413d13ce16cd5b"
dependencies = [
 "bitflags 1.3.2",
 "byteorder",
 "cfg-if",
 "defmt 0.3.100",
 "heapless",
 "log",
 "managed",
]

[[package]]
name = "spin"
version = "0.9.8"
source = "registry+https://github.com/rust-lang/crates.io-index"
checksum = "6980e8d7511241f8acf4aebddbb1ff938df5eebe98691418c4468d0b72a96a67"
dependencies = [
 "lock_api",
]

[[package]]
name = "stable_deref_trait"
version = "1.2.0"
source = "registry+https://github.com/rust-lang/crates.io-index"
checksum = "a8f112729512f8e442d81f95a8a7ddf2b7c6b8a1a6f509a95864142b30cab2d3"

[[package]]
name = "static_assertions"
version = "1.1.0"
source = "registry+https://github.com/rust-lang/crates.io-index"
checksum = "a2eb9349b6444b326872e140eb1cf5e7c522154d69e7a0ffb0fb81c06b37543f"

[[package]]
name = "strsim"
version = "0.11.1"
source = "registry+https://github.com/rust-lang/crates.io-index"
checksum = "7da8b5736845d9f2fcb837ea5d9e2628564b3b043a70948a3f0b778838c5fb4f"

[[package]]
name = "svgbobdoc"
version = "0.3.0"
source = "registry+https://github.com/rust-lang/crates.io-index"
checksum = "f2c04b93fc15d79b39c63218f15e3fdffaa4c227830686e3b7c5f41244eb3e50"
dependencies = [
 "base64",
 "proc-macro2",
 "quote",
 "syn 1.0.109",
 "unicode-width",
]

[[package]]
name = "syn"
version = "1.0.109"
source = "registry+https://github.com/rust-lang/crates.io-index"
checksum = "72b64191b275b66ffe2469e8af2c1cfe3bafa67b529ead792a6d0160888b4237"
dependencies = [
 "proc-macro2",
 "quote",
 "unicode-ident",
]

[[package]]
name = "syn"
version = "2.0.101"
source = "registry+https://github.com/rust-lang/crates.io-index"
checksum = "8ce2b7fc941b3a24138a0a7cf8e858bfc6a992e7978a068a5c760deb0ed43caf"
dependencies = [
 "proc-macro2",
 "quote",
 "unicode-ident",
]

[[package]]
name = "thiserror"
version = "2.0.12"
source = "registry+https://github.com/rust-lang/crates.io-index"
checksum = "567b8a2dae586314f7be2a752ec7474332959c6460e02bde30d702a66d488708"
dependencies = [
 "thiserror-impl",
]

[[package]]
name = "thiserror-impl"
version = "2.0.12"
source = "registry+https://github.com/rust-lang/crates.io-index"
checksum = "7f7cf42b4507d8ea322120659672cf1b9dbb93f8f2d4ecfd6e51350ff5b17a1d"
dependencies = [
 "proc-macro2",
 "quote",
 "syn 2.0.101",
]

[[package]]
name = "tock-registers"
version = "0.8.1"
source = "registry+https://github.com/rust-lang/crates.io-index"
checksum = "696941a0aee7e276a165a978b37918fd5d22c55c3d6bda197813070ca9c0f21c"

[[package]]
name = "tock-registers"
version = "0.9.0"
source = "registry+https://github.com/rust-lang/crates.io-index"
checksum = "2b9e2fdb3a1e862c0661768b7ed25390811df1947a8acbfbefe09b47078d93c4"

[[package]]
name = "toml_datetime"
version = "0.6.9"
source = "registry+https://github.com/rust-lang/crates.io-index"
checksum = "3da5db5a963e24bc68be8b17b6fa82814bb22ee8660f192bb182771d498f09a3"

[[package]]
name = "toml_edit"
version = "0.22.26"
source = "registry+https://github.com/rust-lang/crates.io-index"
checksum = "310068873db2c5b3e7659d2cc35d21855dbafa50d1ce336397c666e3cb08137e"
dependencies = [
 "indexmap",
 "toml_datetime",
 "toml_write",
 "winnow",
]

[[package]]
name = "toml_write"
version = "0.1.1"
source = "registry+https://github.com/rust-lang/crates.io-index"
checksum = "bfb942dfe1d8e29a7ee7fcbde5bd2b9a25fb89aa70caea2eba3bee836ff41076"

[[package]]
name = "uefi-raw"
version = "0.11.0"
source = "registry+https://github.com/rust-lang/crates.io-index"
checksum = "7cad96b8baaf1615d3fdd0f03d04a0b487d857c1b51b19dcbfe05e2e3c447b78"
dependencies = [
 "bitflags 2.9.0",
 "uguid",
]

[[package]]
name = "uguid"
version = "2.2.0"
source = "registry+https://github.com/rust-lang/crates.io-index"
checksum = "ab14ea9660d240e7865ce9d54ecdbd1cd9fa5802ae6f4512f093c7907e921533"

[[package]]
name = "unicode-ident"
version = "1.0.18"
source = "registry+https://github.com/rust-lang/crates.io-index"
checksum = "5a5f39404a5da50712a4c1eecf25e90dd62b613502b7e925fd4e4d19b5c96512"

[[package]]
name = "unicode-width"
version = "0.1.14"
source = "registry+https://github.com/rust-lang/crates.io-index"
checksum = "7dd6e30e90baa6f72411720665d41d89b9a3d039dc45b8faea1ddd07f617f6af"

[[package]]
name = "utf8parse"
version = "0.2.2"
source = "registry+https://github.com/rust-lang/crates.io-index"
checksum = "06abde3611657adf66d383f00b093d7faecc7fa57071cce2578660c9f1010821"

[[package]]
name = "virtio-drivers"
version = "0.7.4"
source = "registry+https://github.com/rust-lang/crates.io-index"
checksum = "aa40e09453618c7a927c08c5a990497a2954da7c2aaa6c65e0d4f0fc975f6114"
dependencies = [
 "bitflags 2.9.0",
 "log",
 "zerocopy",
]

[[package]]
name = "volatile"
version = "0.4.6"
source = "registry+https://github.com/rust-lang/crates.io-index"
checksum = "442887c63f2c839b346c192d047a7c87e73d0689c9157b00b53dcc27dd5ea793"

[[package]]
name = "windows-sys"
version = "0.59.0"
source = "registry+https://github.com/rust-lang/crates.io-index"
checksum = "1e38bc4d79ed67fd075bcc251a1c39b32a1776bbe92e5bef1f0bf1f8c531853b"
dependencies = [
 "windows-targets",
]

[[package]]
name = "windows-targets"
version = "0.52.6"
source = "registry+https://github.com/rust-lang/crates.io-index"
checksum = "9b724f72796e036ab90c1021d4780d4d3d648aca59e491e6b98e725b84e99973"
dependencies = [
 "windows_aarch64_gnullvm",
 "windows_aarch64_msvc",
 "windows_i686_gnu",
 "windows_i686_gnullvm",
 "windows_i686_msvc",
 "windows_x86_64_gnu",
 "windows_x86_64_gnullvm",
 "windows_x86_64_msvc",
]

[[package]]
name = "windows_aarch64_gnullvm"
version = "0.52.6"
source = "registry+https://github.com/rust-lang/crates.io-index"
checksum = "32a4622180e7a0ec044bb555404c800bc9fd9ec262ec147edd5989ccd0c02cd3"

[[package]]
name = "windows_aarch64_msvc"
version = "0.52.6"
source = "registry+https://github.com/rust-lang/crates.io-index"
checksum = "09ec2a7bb152e2252b53fa7803150007879548bc709c039df7627cabbd05d469"

[[package]]
name = "windows_i686_gnu"
version = "0.52.6"
source = "registry+https://github.com/rust-lang/crates.io-index"
checksum = "8e9b5ad5ab802e97eb8e295ac6720e509ee4c243f69d781394014ebfe8bbfa0b"

[[package]]
name = "windows_i686_gnullvm"
version = "0.52.6"
source = "registry+https://github.com/rust-lang/crates.io-index"
checksum = "0eee52d38c090b3caa76c563b86c3a4bd71ef1a819287c19d586d7334ae8ed66"

[[package]]
name = "windows_i686_msvc"
version = "0.52.6"
source = "registry+https://github.com/rust-lang/crates.io-index"
checksum = "240948bc05c5e7c6dabba28bf89d89ffce3e303022809e73deaefe4f6ec56c66"

[[package]]
name = "windows_x86_64_gnu"
version = "0.52.6"
source = "registry+https://github.com/rust-lang/crates.io-index"
checksum = "147a5c80aabfbf0c7d901cb5895d1de30ef2907eb21fbbab29ca94c5b08b1a78"

[[package]]
name = "windows_x86_64_gnullvm"
version = "0.52.6"
source = "registry+https://github.com/rust-lang/crates.io-index"
checksum = "24d5b23dc417412679681396f2b49f3de8c1473deb516bd34410872eff51ed0d"

[[package]]
name = "windows_x86_64_msvc"
version = "0.52.6"
source = "registry+https://github.com/rust-lang/crates.io-index"
checksum = "589f6da84c646204747d1270a2a5661ea66ed1cced2631d546fdfb155959f9ec"

[[package]]
name = "winnow"
version = "0.7.10"
source = "registry+https://github.com/rust-lang/crates.io-index"
checksum = "c06928c8748d81b05c9be96aad92e1b6ff01833332f281e8cfca3be4b35fc9ec"
dependencies = [
 "memchr",
]

[[package]]
name = "x2apic"
version = "0.4.3"
source = "registry+https://github.com/rust-lang/crates.io-index"
checksum = "cbcd582541cbb8ef1dfc24a3c849a64ff074b1b512af723ad90056558d424602"
dependencies = [
 "bit",
 "bitflags 1.3.2",
 "paste",
 "raw-cpuid 10.7.0",
 "x86_64 0.14.13",
]

[[package]]
name = "x86"
version = "0.52.0"
source = "registry+https://github.com/rust-lang/crates.io-index"
checksum = "2781db97787217ad2a2845c396a5efe286f87467a5810836db6d74926e94a385"
dependencies = [
 "bit_field",
 "bitflags 1.3.2",
 "raw-cpuid 10.7.0",
]

[[package]]
name = "x86_64"
version = "0.14.13"
source = "registry+https://github.com/rust-lang/crates.io-index"
checksum = "c101112411baafbb4bf8d33e4c4a80ab5b02d74d2612331c61e8192fc9710491"
dependencies = [
 "bit_field",
 "bitflags 2.9.0",
 "rustversion",
 "volatile",
]

[[package]]
name = "x86_64"
version = "0.15.2"
source = "registry+https://github.com/rust-lang/crates.io-index"
checksum = "0f042214de98141e9c8706e8192b73f56494087cc55ebec28ce10f26c5c364ae"
dependencies = [
 "bit_field",
 "bitflags 2.9.0",
 "rustversion",
 "volatile",
]

[[package]]
name = "zerocopy"
version = "0.7.35"
source = "registry+https://github.com/rust-lang/crates.io-index"
checksum = "1b9b4fd18abc82b8136838da5d50bae7bdea537c574d8dc1a34ed098d6c166f0"
dependencies = [
 "byteorder",
 "zerocopy-derive",
]

[[package]]
name = "zerocopy-derive"
version = "0.7.35"
source = "registry+https://github.com/rust-lang/crates.io-index"
checksum = "fa4f8080344d4671fb4e831a13ad1e68092748387dfc4f55e356242fae12ce3e"
dependencies = [
 "proc-macro2",
 "quote",
 "syn 2.0.101",
]
